
Microsoft Visual Studio Solution File, Format Version 12.00
# Visual Studio Version 16
VisualStudioVersion = 16.0.30320.27
MinimumVisualStudioVersion = 10.0.40219.1
Project("{FAE04EC0-301F-11D3-BF4B-00C04F79EFBC}") = "ViaJsonBuilder", "ViaJsonBuilder\ViaJsonBuilder.csproj", "{55433EEC-BF0A-43CF-94D8-299470708C10}"
EndProject
Global
	GlobalSection(SolutionConfigurationPlatforms) = preSolution
		Debug|Any CPU = Debug|Any CPU
		Release|Any CPU = Release|Any CPU
	EndGlobalSection
	GlobalSection(ProjectConfigurationPlatforms) = postSolution
		{55433EEC-BF0A-43CF-94D8-299470708C10}.Debug|Any CPU.ActiveCfg = Debug|Any CPU
		{55433EEC-BF0A-43CF-94D8-299470708C10}.Debug|Any CPU.Build.0 = Debug|Any CPU
		{55433EEC-BF0A-43CF-94D8-299470708C10}.Release|Any CPU.ActiveCfg = Release|Any CPU
		{55433EEC-BF0A-43CF-94D8-299470708C10}.Release|Any CPU.Build.0 = Release|Any CPU
	EndGlobalSection
	GlobalSection(SolutionProperties) = preSolution
		HideSolutionNode = FALSE
	EndGlobalSection
	GlobalSection(ExtensibilityGlobals) = postSolution
		SolutionGuid = {1F6BC916-2556-49B2-8F97-1953DB4AB871}
	EndGlobalSection
EndGlobal
